
Microsoft Visual Studio Solution File, Format Version 12.00
# Visual Studio 15
VisualStudioVersion = 15.0.27004.2010
MinimumVisualStudioVersion = 10.0.40219.1
Project("{FAE04EC0-301F-11D3-BF4B-00C04F79EFBC}") = "Programm", "Programm\Programm.csproj", "{194715AD-101C-4C3C-88C0-7A8A2DA23C01}"
EndProject
Project("{FAE04EC0-301F-11D3-BF4B-00C04F79EFBC}") = "TriangleNS.Test", "Triangle.Test\TriangleNS.Test.csproj", "{5C56A10E-9963-4EB2-B1AC-23C16CC44ACB}"
EndProject
Project("{FAE04EC0-301F-11D3-BF4B-00C04F79EFBC}") = "TriangleNS", "TriangleNS\TriangleNS.csproj", "{A89A1F97-5DC8-42F6-A8E7-AF99442EDD03}"
EndProject
Global
	GlobalSection(SolutionConfigurationPlatforms) = preSolution
		Debug|Any CPU = Debug|Any CPU
		Release|Any CPU = Release|Any CPU
	EndGlobalSection
	GlobalSection(ProjectConfigurationPlatforms) = postSolution
		{194715AD-101C-4C3C-88C0-7A8A2DA23C01}.Debug|Any CPU.ActiveCfg = Debug|Any CPU
		{194715AD-101C-4C3C-88C0-7A8A2DA23C01}.Debug|Any CPU.Build.0 = Debug|Any CPU
		{194715AD-101C-4C3C-88C0-7A8A2DA23C01}.Release|Any CPU.ActiveCfg = Release|Any CPU
		{194715AD-101C-4C3C-88C0-7A8A2DA23C01}.Release|Any CPU.Build.0 = Release|Any CPU
		{5C56A10E-9963-4EB2-B1AC-23C16CC44ACB}.Debug|Any CPU.ActiveCfg = Debug|Any CPU
		{5C56A10E-9963-4EB2-B1AC-23C16CC44ACB}.Debug|Any CPU.Build.0 = Debug|Any CPU
		{5C56A10E-9963-4EB2-B1AC-23C16CC44ACB}.Release|Any CPU.ActiveCfg = Release|Any CPU
		{5C56A10E-9963-4EB2-B1AC-23C16CC44ACB}.Release|Any CPU.Build.0 = Release|Any CPU
		{A89A1F97-5DC8-42F6-A8E7-AF99442EDD03}.Debug|Any CPU.ActiveCfg = Debug|Any CPU
		{A89A1F97-5DC8-42F6-A8E7-AF99442EDD03}.Debug|Any CPU.Build.0 = Debug|Any CPU
		{A89A1F97-5DC8-42F6-A8E7-AF99442EDD03}.Release|Any CPU.ActiveCfg = Release|Any CPU
		{A89A1F97-5DC8-42F6-A8E7-AF99442EDD03}.Release|Any CPU.Build.0 = Release|Any CPU
	EndGlobalSection
	GlobalSection(SolutionProperties) = preSolution
		HideSolutionNode = FALSE
	EndGlobalSection
	GlobalSection(ExtensibilityGlobals) = postSolution
		SolutionGuid = {4F9DD43E-94AA-4B19-8902-30BA4CA5842F}
	EndGlobalSection
EndGlobal
